
Microsoft Visual Studio Solution File, Format Version 12.00
# Visual Studio 15
VisualStudioVersion = 15.0.28307.779
MinimumVisualStudioVersion = 10.0.40219.1
Project("{FAE04EC0-301F-11D3-BF4B-00C04F79EFBC}") = "DeliveryService", "DeliveryService\DeliveryService.csproj", "{A20F8C8E-5BF0-4679-9354-ABFA00E4471D}"
EndProject
Global
	GlobalSection(SolutionConfigurationPlatforms) = preSolution
		Debug|Any CPU = Debug|Any CPU
		Release|Any CPU = Release|Any CPU
	EndGlobalSection
	GlobalSection(ProjectConfigurationPlatforms) = postSolution
		{A20F8C8E-5BF0-4679-9354-ABFA00E4471D}.Debug|Any CPU.ActiveCfg = Debug|Any CPU
		{A20F8C8E-5BF0-4679-9354-ABFA00E4471D}.Debug|Any CPU.Build.0 = Debug|Any CPU
		{A20F8C8E-5BF0-4679-9354-ABFA00E4471D}.Release|Any CPU.ActiveCfg = Release|Any CPU
		{A20F8C8E-5BF0-4679-9354-ABFA00E4471D}.Release|Any CPU.Build.0 = Release|Any CPU
	EndGlobalSection
	GlobalSection(SolutionProperties) = preSolution
		HideSolutionNode = FALSE
	EndGlobalSection
	GlobalSection(ExtensibilityGlobals) = postSolution
		SolutionGuid = {FF1E4F0B-FB7E-4D80-B1AE-923E315AD71B}
	EndGlobalSection
EndGlobal
